Microsoft Visual Studio Solution File, Format Version 12.00
# Visual Studio Version 17
VisualStudioVersion = 17.5.2.0
MinimumVisualStudioVersion = 10.0.40219.1
Project("{FAE04EC0-301F-11D3-BF4B-00C04F79EFBC}") = "Lab02.WebsiteBanHang", "Lab02.WebsiteBanHang.csproj", "{98FC04D9-735B-146D-01EB-3806CD16FA06}"
EndProject
Global
	GlobalSection(SolutionConfigurationPlatforms) = preSolution
		Debug|Any CPU = Debug|Any CPU
		Release|Any CPU = Release|Any CPU
	EndGlobalSection
	GlobalSection(ProjectConfigurationPlatforms) = postSolution
		{98FC04D9-735B-146D-01EB-3806CD16FA06}.Debug|Any CPU.ActiveCfg = Debug|Any CPU
		{98FC04D9-735B-146D-01EB-3806CD16FA06}.Debug|Any CPU.Build.0 = Debug|Any CPU
		{98FC04D9-735B-146D-01EB-3806CD16FA06}.Release|Any CPU.ActiveCfg = Release|Any CPU
		{98FC04D9-735B-146D-01EB-3806CD16FA06}.Release|Any CPU.Build.0 = Release|Any CPU
	EndGlobalSection
	GlobalSection(SolutionProperties) = preSolution
		HideSolutionNode = FALSE
	EndGlobalSection
	GlobalSection(ExtensibilityGlobals) = postSolution
		SolutionGuid = {DC3CAAD9-A13D-49D6-AB31-1182B76FABED}
	EndGlobalSection
EndGlobal
